
Microsoft Visual Studio Solution File, Format Version 12.00
# Visual Studio Version 16
VisualStudioVersion = 16.0.29326.143
MinimumVisualStudioVersion = 10.0.40219.1
Project("{FAE04EC0-301F-11D3-BF4B-00C04F79EFBC}") = "LearnBox", "LearnBox.csproj", "{6A2EAACE-E9F5-4D71-8DBE-B454FDBCA4BC}"
EndProject
Global
	GlobalSection(SolutionConfigurationPlatforms) = preSolution
		Debug|Any CPU = Debug|Any CPU
		Release|Any CPU = Release|Any CPU
	EndGlobalSection
	GlobalSection(ProjectConfigurationPlatforms) = postSolution
		{6A2EAACE-E9F5-4D71-8DBE-B454FDBCA4BC}.Debug|Any CPU.ActiveCfg = Debug|Any CPU
		{6A2EAACE-E9F5-4D71-8DBE-B454FDBCA4BC}.Debug|Any CPU.Build.0 = Debug|Any CPU
		{6A2EAACE-E9F5-4D71-8DBE-B454FDBCA4BC}.Release|Any CPU.ActiveCfg = Release|Any CPU
		{6A2EAACE-E9F5-4D71-8DBE-B454FDBCA4BC}.Release|Any CPU.Build.0 = Release|Any CPU
	EndGlobalSection
	GlobalSection(SolutionProperties) = preSolution
		HideSolutionNode = FALSE
	EndGlobalSection
	GlobalSection(ExtensibilityGlobals) = postSolution
		SolutionGuid = {8E75CAF3-8790-4521-B414-466F37E837B5}
	EndGlobalSection
EndGlobal
